// !$*UTF8*$!
{
	archiveVersion = 1;
	classes = {
	};
	objectVersion = 56;
	objects = {

/* Begin PBXBuildFile section */
		5A27A9A929A4781E00C54D7F /* ChallengeSalADAApp.swift in Sources */ = {isa = PBXBuildFile; fileRef = 5A27A9A829A4781E00C54D7F /* ChallengeSalADAApp.swift */; };
		5A27A9AB29A4781E00C54D7F /* ContentView.swift in Sources */ = {isa = PBXBuildFile; fileRef = 5A27A9AA29A4781E00C54D7F /* ContentView.swift */; };
		5A27A9AD29A4782000C54D7F /* Assets.xcassets in Resources */ = {isa = PBXBuildFile; fileRef = 5A27A9AC29A4782000C54D7F /* Assets.xcassets */; };
		5A27A9B029A4782000C54D7F /* Preview Assets.xcassets in Resources */ = {isa = PBXBuildFile; fileRef = 5A27A9AF29A4782000C54D7F /* Preview Assets.xcassets */; };
		5A27A9BA29A4795300C54D7F /* GameOverView.swift in Sources */ = {isa = PBXBuildFile; fileRef = 5A27A9B929A4795300C54D7F /* GameOverView.swift */; };
		BF2D696529A7E8D0003E76B2 /* ARContentViewRepresentable.swift in Sources */ = {isa = PBXBuildFile; fileRef = BF2D696429A7E8D0003E76B2 /* ARContentViewRepresentable.swift */; };
		BF2D696729A7E918003E76B2 /* ARContentView.swift in Sources */ = {isa = PBXBuildFile; fileRef = BF2D696629A7E918003E76B2 /* ARContentView.swift */; };
		BF2D696A29A7E9DC003E76B2 /* ARContentViewModel.swift in Sources */ = {isa = PBXBuildFile; fileRef = BF2D696929A7E9DC003E76B2 /* ARContentViewModel.swift */; };
		BF2D696C29A7EAAD003E76B2 /* CustomARView.swift in Sources */ = {isa = PBXBuildFile; fileRef = BF2D696B29A7EAAD003E76B2 /* CustomARView.swift */; };
		BF2D697829A805D1003E76B2 /* Coordinator.swift in Sources */ = {isa = PBXBuildFile; fileRef = BF2D697729A805D1003E76B2 /* Coordinator.swift */; };
/* End PBXBuildFile section */

/* Begin PBXFileReference section */
		5A27A9A529A4781E00C54D7F /* ChallengeSalADA.app */ = {isa = PBXFileReference; explicitFileType = wrapper.application; includeInIndex = 0; path = ChallengeSalADA.app; sourceTree = BUILT_PRODUCTS_DIR; };
		5A27A9A829A4781E00C54D7F /* ChallengeSalADAApp.swift */ = {isa = PBXFileReference; lastKnownFileType = sourcecode.swift; path = ChallengeSalADAApp.swift; sourceTree = "<group>"; };
		5A27A9AA29A4781E00C54D7F /* ContentView.swift */ = {isa = PBXFileReference; lastKnownFileType = sourcecode.swift; path = ContentView.swift; sourceTree = "<group>"; };
		5A27A9AC29A4782000C54D7F /* Assets.xcassets */ = {isa = PBXFileReference; lastKnownFileType = folder.assetcatalog; path = Assets.xcassets; sourceTree = "<group>"; };
		5A27A9AF29A4782000C54D7F /* Preview Assets.xcassets */ = {isa = PBXFileReference; lastKnownFileType = folder.assetcatalog; path = "Preview Assets.xcassets"; sourceTree = "<group>"; };
		5A27A9B929A4795300C54D7F /* GameOverView.swift */ = {isa = PBXFileReference; lastKnownFileType = sourcecode.swift; path = GameOverView.swift; sourceTree = "<group>"; };
		BF2D696429A7E8D0003E76B2 /* ARContentViewRepresentable.swift */ = {isa = PBXFileReference; lastKnownFileType = sourcecode.swift; path = ARContentViewRepresentable.swift; sourceTree = "<group>"; };
		BF2D696629A7E918003E76B2 /* ARContentView.swift */ = {isa = PBXFileReference; lastKnownFileType = sourcecode.swift; path = ARContentView.swift; sourceTree = "<group>"; };
		BF2D696929A7E9DC003E76B2 /* ARContentViewModel.swift */ = {isa = PBXFileReference; lastKnownFileType = sourcecode.swift; path = ARContentViewModel.swift; sourceTree = "<group>"; };
		BF2D696B29A7EAAD003E76B2 /* CustomARView.swift */ = {isa = PBXFileReference; lastKnownFileType = sourcecode.swift; path = CustomARView.swift; sourceTree = "<group>"; };
		BF2D697729A805D1003E76B2 /* Coordinator.swift */ = {isa = PBXFileReference; lastKnownFileType = sourcecode.swift; path = Coordinator.swift; sourceTree = "<group>"; };
/* End PBXFileReference section */

/* Begin PBXFrameworksBuildPhase section */
		5A27A9A229A4781E00C54D7F /* Frameworks */ = {
			isa = PBXFrameworksBuildPhase;
			buildActionMask = 2147483647;
			files = (
			);
			runOnlyForDeploymentPostprocessing = 0;
		};
/* End PBXFrameworksBuildPhase section */

/* Begin PBXGroup section */
		5A27A99C29A4781E00C54D7F = {
			isa = PBXGroup;
			children = (
				5A27A9A729A4781E00C54D7F /* ChallengeSalADA */,
				5A27A9A629A4781E00C54D7F /* Products */,
			);
			sourceTree = "<group>";
		};
		5A27A9A629A4781E00C54D7F /* Products */ = {
			isa = PBXGroup;
			children = (
				5A27A9A529A4781E00C54D7F /* ChallengeSalADA.app */,
			);
			name = Products;
			sourceTree = "<group>";
		};
		5A27A9A729A4781E00C54D7F /* ChallengeSalADA */ = {
			isa = PBXGroup;
			children = (
				5A27A9A829A4781E00C54D7F /* ChallengeSalADAApp.swift */,
				5A27A9AC29A4782000C54D7F /* Assets.xcassets */,
				5A27A9B629A478EC00C54D7F /* View */,
				5A27A9AE29A4782000C54D7F /* Preview Content */,
			);
			path = ChallengeSalADA;
			sourceTree = "<group>";
		};
		5A27A9AE29A4782000C54D7F /* Preview Content */ = {
			isa = PBXGroup;
			children = (
				5A27A9AF29A4782000C54D7F /* Preview Assets.xcassets */,
			);
			path = "Preview Content";
			sourceTree = "<group>";
		};
		5A27A9B629A478EC00C54D7F /* View */ = {
			isa = PBXGroup;
			children = (
				BF2D696829A7E9A3003E76B2 /* ARContentView */,
				5A27A9B929A4795300C54D7F /* GameOverView.swift */,
			);
			path = View;
			sourceTree = "<group>";
		};
		BF2D696829A7E9A3003E76B2 /* ARContentView */ = {
			isa = PBXGroup;
			children = (
				5A27A9AA29A4781E00C54D7F /* ContentView.swift */,
				BF2D696629A7E918003E76B2 /* ARContentView.swift */,
				BF2D696429A7E8D0003E76B2 /* ARContentViewRepresentable.swift */,
				BF2D696929A7E9DC003E76B2 /* ARContentViewModel.swift */,
				BF2D696B29A7EAAD003E76B2 /* CustomARView.swift */,
				BF2D697729A805D1003E76B2 /* Coordinator.swift */,
			);
			path = ARContentView;
			sourceTree = "<group>";
		};
/* End PBXGroup section */

/* Begin PBXNativeTarget section */
		5A27A9A429A4781E00C54D7F /* ChallengeSalADA */ = {
			isa = PBXNativeTarget;
			buildConfigurationList = 5A27A9B329A4782000C54D7F /* Build configuration list for PBXNativeTarget "ChallengeSalADA" */;
			buildPhases = (
				5A27A9A129A4781E00C54D7F /* Sources */,
				5A27A9A229A4781E00C54D7F /* Frameworks */,
				5A27A9A329A4781E00C54D7F /* Resources */,
			);
			buildRules = (
			);
			dependencies = (
			);
			name = ChallengeSalADA;
			productName = ChallengeSalADA;
			productReference = 5A27A9A529A4781E00C54D7F /* ChallengeSalADA.app */;
			productType = "com.apple.product-type.application";
		};
/* End PBXNativeTarget section */

/* Begin PBXProject section */
		5A27A99D29A4781E00C54D7F /* Project object */ = {
			isa = PBXProject;
			attributes = {
				BuildIndependentTargetsInParallel = 1;
				LastSwiftUpdateCheck = 1420;
				LastUpgradeCheck = 1420;
				TargetAttributes = {
					5A27A9A429A4781E00C54D7F = {
						CreatedOnToolsVersion = 14.2;
					};
				};
			};
			buildConfigurationList = 5A27A9A029A4781E00C54D7F /* Build configuration list for PBXProject "ChallengeSalADA" */;
			compatibilityVersion = "Xcode 14.0";
			developmentRegion = en;
			hasScannedForEncodings = 0;
			knownRegions = (
				en,
				Base,
			);
			mainGroup = 5A27A99C29A4781E00C54D7F;
			productRefGroup = 5A27A9A629A4781E00C54D7F /* Products */;
			projectDirPath = "";
			projectRoot = "";
			targets = (
				5A27A9A429A4781E00C54D7F /* ChallengeSalADA */,
			);
		};
/* End PBXProject section */

/* Begin PBXResourcesBuildPhase section */
		5A27A9A329A4781E00C54D7F /* Resources */ = {
			isa = PBXResourcesBuildPhase;
			buildActionMask = 2147483647;
			files = (
				5A27A9B029A4782000C54D7F /* Preview Assets.xcassets in Resources */,
				5A27A9AD29A4782000C54D7F /* Assets.xcassets in Resources */,
			);
			runOnlyForDeploymentPostprocessing = 0;
		};
/* End PBXResourcesBuildPhase section */

/* Begin PBXSourcesBuildPhase section */
		5A27A9A129A4781E00C54D7F /* Sources */ = {
			isa = PBXSourcesBuildPhase;
			buildActionMask = 2147483647;
			files = (
				5A27A9AB29A4781E00C54D7F /* ContentView.swift in Sources */,
				BF2D697829A805D1003E76B2 /* Coordinator.swift in Sources */,
				5A27A9BA29A4795300C54D7F /* GameOverView.swift in Sources */,
				BF2D696A29A7E9DC003E76B2 /* ARContentViewModel.swift in Sources */,
				BF2D696729A7E918003E76B2 /* ARContentView.swift in Sources */,
				5A27A9A929A4781E00C54D7F /* ChallengeSalADAApp.swift in Sources */,
				BF2D696C29A7EAAD003E76B2 /* CustomARView.swift in Sources */,
				BF2D696529A7E8D0003E76B2 /* ARContentViewRepresentable.swift in Sources */,
			);
			runOnlyForDeploymentPostprocessing = 0;
		};
/* End PBXSourcesBuildPhase section */

/* Begin XCBuildConfiguration section */
		5A27A9B129A4782000C54D7F /* Debug */ = {
			isa = XCBuildConfiguration;
			buildSettings = {
				ALWAYS_SEARCH_USER_PATHS = NO;
				CLANG_ANALYZER_NONNULL = YES;
				CLANG_ANALYZER_NUMBER_OBJECT_CONVERSION = YES_AGGRESSIVE;
				CLANG_CXX_LANGUAGE_STANDARD = "gnu++20";
				CLANG_ENABLE_MODULES = YES;
				CLANG_ENABLE_OBJC_ARC = YES;
				CLANG_ENABLE_OBJC_WEAK = YES;
				CLANG_WARN_BLOCK_CAPTURE_AUTORELEASING = YES;
				CLANG_WARN_BOOL_CONVERSION = YES;
				CLANG_WARN_COMMA = YES;
				CLANG_WARN_CONSTANT_CONVERSION = YES;
				CLANG_WARN_DEPRECATED_OBJC_IMPLEMENTATIONS = YES;
				CLANG_WARN_DIRECT_OBJC_ISA_USAGE = YES_ERROR;
				CLANG_WARN_DOCUMENTATION_COMMENTS = YES;
				CLANG_WARN_EMPTY_BODY = YES;
				CLANG_WARN_ENUM_CONVERSION = YES;
				CLANG_WARN_INFINITE_RECURSION = YES;
				CLANG_WARN_INT_CONVERSION = YES;
				CLANG_WARN_NON_LITERAL_NULL_CONVERSION = YES;
				CLANG_WARN_OBJC_IMPLICIT_RETAIN_SELF = YES;
				CLANG_WARN_OBJC_LITERAL_CONVERSION = YES;
				CLANG_WARN_OBJC_ROOT_CLASS = YES_ERROR;
				CLANG_WARN_QUOTED_INCLUDE_IN_FRAMEWORK_HEADER = YES;
				CLANG_WARN_RANGE_LOOP_ANALYSIS = YES;
				CLANG_WARN_STRICT_PROTOTYPES = YES;
				CLANG_WARN_SUSPICIOUS_MOVE = YES;
				CLANG_WARN_UNGUARDED_AVAILABILITY = YES_AGGRESSIVE;
				CLANG_WARN_UNREACHABLE_CODE = YES;
				CLANG_WARN__DUPLICATE_METHOD_MATCH = YES;
				COPY_PHASE_STRIP = NO;
				DEBUG_INFORMATION_FORMAT = dwarf;
				ENABLE_STRICT_OBJC_MSGSEND = YES;
				ENABLE_TESTABILITY = YES;
				GCC_C_LANGUAGE_STANDARD = gnu11;
				GCC_DYNAMIC_NO_PIC = NO;
				GCC_NO_COMMON_BLOCKS = YES;
				GCC_OPTIMIZATION_LEVEL = 0;
				GCC_PREPROCESSOR_DEFINITIONS = (
					"DEBUG=1",
					"$(inherited)",
				);
				GCC_WARN_64_TO_32_BIT_CONVERSION = YES;
				GCC_WARN_ABOUT_RETURN_TYPE = YES_ERROR;
				GCC_WARN_UNDECLARED_SELECTOR = YES;
				GCC_WARN_UNINITIALIZED_AUTOS = YES_AGGRESSIVE;
				GCC_WARN_UNUSED_FUNCTION = YES;
				GCC_WARN_UNUSED_VARIABLE = YES;
				IPHONEOS_DEPLOYMENT_TARGET = 16.1;
				MTL_ENABLE_DEBUG_INFO = INCLUDE_SOURCE;
				MTL_FAST_MATH = YES;
				ONLY_ACTIVE_ARCH = YES;
				SDKROOT = iphoneos;
				SWIFT_ACTIVE_COMPILATION_CONDITIONS = DEBUG;
				SWIFT_OPTIMIZATION_LEVEL = "-Onone";
			};
			name = Debug;
		};
		5A27A9B229A4782000C54D7F /* Release */ = {
			isa = XCBuildConfiguration;
			buildSettings = {
				ALWAYS_SEARCH_USER_PATHS = NO;
				CLANG_ANALYZER_NONNULL = YES;
				CLANG_ANALYZER_NUMBER_OBJECT_CONVERSION = YES_AGGRESSIVE;
				CLANG_CXX_LANGUAGE_STANDARD = "gnu++20";
				CLANG_ENABLE_MODULES = YES;
				CLANG_ENABLE_OBJC_ARC = YES;
				CLANG_ENABLE_OBJC_WEAK = YES;
				CLANG_WARN_BLOCK_CAPTURE_AUTORELEASING = YES;
				CLANG_WARN_BOOL_CONVERSION = YES;
				CLANG_WARN_COMMA = YES;
				CLANG_WARN_CONSTANT_CONVERSION = YES;
				CLANG_WARN_DEPRECATED_OBJC_IMPLEMENTATIONS = YES;
				CLANG_WARN_DIRECT_OBJC_ISA_USAGE = YES_ERROR;
				CLANG_WARN_DOCUMENTATION_COMMENTS = YES;
				CLANG_WARN_EMPTY_BODY = YES;
				CLANG_WARN_ENUM_CONVERSION = YES;
				CLANG_WARN_INFINITE_RECURSION = YES;
				CLANG_WARN_INT_CONVERSION = YES;
				CLANG_WARN_NON_LITERAL_NULL_CONVERSION = YES;
				CLANG_WARN_OBJC_IMPLICIT_RETAIN_SELF = YES;
				CLANG_WARN_OBJC_LITERAL_CONVERSION = YES;
				CLANG_WARN_OBJC_ROOT_CLASS = YES_ERROR;
				CLANG_WARN_QUOTED_INCLUDE_IN_FRAMEWORK_HEADER = YES;
				CLANG_WARN_RANGE_LOOP_ANALYSIS = YES;
				CLANG_WARN_STRICT_PROTOTYPES = YES;
				CLANG_WARN_SUSPICIOUS_MOVE = YES;
				CLANG_WARN_UNGUARDED_AVAILABILITY = YES_AGGRESSIVE;
				CLANG_WARN_UNREACHABLE_CODE = YES;
				CLANG_WARN__DUPLICATE_METHOD_MATCH = YES;
				COPY_PHASE_STRIP = NO;
				DEBUG_INFORMATION_FORMAT = "dwarf-with-dsym";
				ENABLE_NS_ASSERTIONS = NO;
				ENABLE_STRICT_OBJC_MSGSEND = YES;
				GCC_C_LANGUAGE_STANDARD = gnu11;
				GCC_NO_COMMON_BLOCKS = YES;
				GCC_WARN_64_TO_32_BIT_CONVERSION = YES;
				GCC_WARN_ABOUT_RETURN_TYPE = YES_ERROR;
				GCC_WARN_UNDECLARED_SELECTOR = YES;
				GCC_WARN_UNINITIALIZED_AUTOS = YES_AGGRESSIVE;
				GCC_WARN_UNUSED_FUNCTION = YES;
				GCC_WARN_UNUSED_VARIABLE = YES;
				IPHONEOS_DEPLOYMENT_TARGET = 16.1;
				MTL_ENABLE_DEBUG_INFO = NO;
				MTL_FAST_MATH = YES;
				SDKROOT = iphoneos;
				SWIFT_COMPILATION_MODE = wholemodule;
				SWIFT_OPTIMIZATION_LEVEL = "-O";
				VALIDATE_PRODUCT = YES;
			};
			name = Release;
		};
		5A27A9B429A4782000C54D7F /* Debug */ = {
			isa = XCBuildConfiguration;
			buildSettings = {
				ASSETCATALOG_COMPILER_APPICON_NAME = AppIcon;
				ASSETCATALOG_COMPILER_GLOBAL_ACCENT_COLOR_NAME = AccentColor;
				CODE_SIGN_STYLE = Automatic;
				CURRENT_PROJECT_VERSION = 1;
				DEVELOPMENT_ASSET_PATHS = "\"ChallengeSalADA/Preview Content\"";
				DEVELOPMENT_TEAM = M3SKJK6V42;
				ENABLE_PREVIEWS = YES;
				GENERATE_INFOPLIST_FILE = YES;
				INFOPLIST_KEY_NSCameraUsageDescription = "This app needs the camera to properly work the AR functionality.";
				INFOPLIST_KEY_UIApplicationSceneManifest_Generation = YES;
				INFOPLIST_KEY_UIApplicationSupportsIndirectInputEvents = YES;
				INFOPLIST_KEY_UILaunchScreen_Generation = YES;
				INFOPLIST_KEY_UISupportedInterfaceOrientations_iPad = "UIInterfaceOrientationPortrait UIInterfaceOrientationPortraitUpsideDown UIInterfaceOrientationLandscapeLeft UIInterfaceOrientationLandscapeRight";
				INFOPLIST_KEY_UISupportedInterfaceOrientations_iPhone = "UIInterfaceOrientationPortrait UIInterfaceOrientationLandscapeLeft UIInterfaceOrientationLandscapeRight";
				LD_RUNPATH_SEARCH_PATHS = (
					"$(inherited)",
					"@executable_path/Frameworks",
				);
				MARKETING_VERSION = 1.0;
				PRODUCT_BUNDLE_IDENTIFIER = lclr.academy.cin.br.ChallengeSalADA;
				PRODUCT_NAME = "$(TARGET_NAME)";
				SWIFT_EMIT_LOC_STRINGS = YES;
				SWIFT_VERSION = 5.0;
				TARGETED_DEVICE_FAMILY = "1,2";
			};
			name = Debug;
		};
		5A27A9B529A4782000C54D7F /* Release */ = {
			isa = XCBuildConfiguration;
			buildSettings = {
				ASSETCATALOG_COMPILER_APPICON_NAME = AppIcon;
				ASSETCATALOG_COMPILER_GLOBAL_ACCENT_COLOR_NAME = AccentColor;
				CODE_SIGN_STYLE = Automatic;
				CURRENT_PROJECT_VERSION = 1;
				DEVELOPMENT_ASSET_PATHS = "\"ChallengeSalADA/Preview Content\"";
				DEVELOPMENT_TEAM = 9CSC9GA37T;
				ENABLE_PREVIEWS = YES;
				GENERATE_INFOPLIST_FILE = YES;
				INFOPLIST_KEY_NSCameraUsageDescription = "This app needs the camera to properly work the AR functionality.";
				INFOPLIST_KEY_UIApplicationSceneManifest_Generation = YES;
				INFOPLIST_KEY_UIApplicationSupportsIndirectInputEvents = YES;
				INFOPLIST_KEY_UILaunchScreen_Generation = YES;
				INFOPLIST_KEY_UISupportedInterfaceOrientations_iPad = "UIInterfaceOrientationPortrait UIInterfaceOrientationPortraitUpsideDown UIInterfaceOrientationLandscapeLeft UIInterfaceOrientationLandscapeRight";
				INFOPLIST_KEY_UISupportedInterfaceOrientations_iPhone = "UIInterfaceOrientationPortrait UIInterfaceOrientationLandscapeLeft UIInterfaceOrientationLandscapeRight";
				LD_RUNPATH_SEARCH_PATHS = (
					"$(inherited)",
					"@executable_path/Frameworks",
				);
				MARKETING_VERSION = 1.0;
				PRODUCT_BUNDLE_IDENTIFIER = lclr.academy.cin.br.ChallengeSalADA;
				PRODUCT_NAME = "$(TARGET_NAME)";
				SWIFT_EMIT_LOC_STRINGS = YES;
				SWIFT_VERSION = 5.0;
				TARGETED_DEVICE_FAMILY = "1,2";
			};
			name = Release;
		};
/* End XCBuildConfiguration section */

/* Begin XCConfigurationList section */
		5A27A9A029A4781E00C54D7F /* Build configuration list for PBXProject "ChallengeSalADA" */ = {
			isa = XCConfigurationList;
			buildConfigurations = (
				5A27A9B129A4782000C54D7F /* Debug */,
				5A27A9B229A4782000C54D7F /* Release */,
			);
			defaultConfigurationIsVisible = 0;
			defaultConfigurationName = Release;
		};
		5A27A9B329A4782000C54D7F /* Build configuration list for PBXNativeTarget "ChallengeSalADA" */ = {
			isa = XCConfigurationList;
			buildConfigurations = (
				5A27A9B429A4782000C54D7F /* Debug */,
				5A27A9B529A4782000C54D7F /* Release */,
			);
			defaultConfigurationIsVisible = 0;
			defaultConfigurationName = Release;
		};
/* End XCConfigurationList section */
	};
	rootObject = 5A27A99D29A4781E00C54D7F /* Project object */;
}
